// !$*UTF8*$!
{
	archiveVersion = 1;
	classes = {
	};
	objectVersion = 46;
	objects = {

/* Begin PBXBuildFile section */
		497865DF20E03EEA00181247 /* Simple_social_AppTests.swift in Sources */ = {isa = PBXBuildFile; fileRef = 497865DE20E03EEA00181247 /* Simple_social_AppTests.swift */; };
		497865EA20E03EEA00181247 /* Simple_social_AppUITests.swift in Sources */ = {isa = PBXBuildFile; fileRef = 497865E920E03EEA00181247 /* Simple_social_AppUITests.swift */; };
		497865F920E0408A00181247 /* Assets.xcassets in Resources */ = {isa = PBXBuildFile; fileRef = 497865F820E0408A00181247 /* Assets.xcassets */; };
		497865FD20E0409600181247 /* AppDelegate.swift in Sources */ = {isa = PBXBuildFile; fileRef = 497865FB20E0409600181247 /* AppDelegate.swift */; };
		4978661520E0473F00181247 /* LaunchScreen.storyboard in Resources */ = {isa = PBXBuildFile; fileRef = 4978661420E0473F00181247 /* LaunchScreen.storyboard */; };
		4978661720E0475800181247 /* Login.storyboard in Resources */ = {isa = PBXBuildFile; fileRef = 4978661620E0475800181247 /* Login.storyboard */; };
		4978661B20E047AD00181247 /* Home.storyboard in Resources */ = {isa = PBXBuildFile; fileRef = 4978661A20E047AD00181247 /* Home.storyboard */; };
		4978661F20E051E700181247 /* LoginVC.swift in Sources */ = {isa = PBXBuildFile; fileRef = 4978661E20E051E700181247 /* LoginVC.swift */; };
		4978662120E05BF200181247 /* RegisterVC.swift in Sources */ = {isa = PBXBuildFile; fileRef = 4978662020E05BF200181247 /* RegisterVC.swift */; };
		4978662620E0651800181247 /* HomeVC.swift in Sources */ = {isa = PBXBuildFile; fileRef = 4978662520E0651800181247 /* HomeVC.swift */; };
		4978662A20E0658C00181247 /* PostCell.swift in Sources */ = {isa = PBXBuildFile; fileRef = 4978662820E0658C00181247 /* PostCell.swift */; };
		4978662B20E0658C00181247 /* PostCell.xib in Resources */ = {isa = PBXBuildFile; fileRef = 4978662920E0658C00181247 /* PostCell.xib */; };
		4978662F20E06B8300181247 /* AddPostVC.swift in Sources */ = {isa = PBXBuildFile; fileRef = 4978662E20E06B8300181247 /* AddPostVC.swift */; };
		4978663120E06CD100181247 /* UIConstants.swift in Sources */ = {isa = PBXBuildFile; fileRef = 4978663020E06CD100181247 /* UIConstants.swift */; };
		4978663320E072D100181247 /* Info.plist in Resources */ = {isa = PBXBuildFile; fileRef = 4978663220E072D100181247 /* Info.plist */; };
		4978663520E08D0500181247 /* BLlogin.swift in Sources */ = {isa = PBXBuildFile; fileRef = 4978663420E08D0500181247 /* BLlogin.swift */; };
		4978663720E08E0C00181247 /* UserModel.swift in Sources */ = {isa = PBXBuildFile; fileRef = 4978663620E08E0C00181247 /* UserModel.swift */; };
		4978663920E0914500181247 /* ValidationUtil.swift in Sources */ = {isa = PBXBuildFile; fileRef = 4978663820E0914500181247 /* ValidationUtil.swift */; };
		4978663B20E094FB00181247 /* Messages.swift in Sources */ = {isa = PBXBuildFile; fileRef = 4978663A20E094FB00181247 /* Messages.swift */; };
		4978663E20E0C45400181247 /* AppDataModel.xcdatamodeld in Sources */ = {isa = PBXBuildFile; fileRef = 4978663C20E0C45400181247 /* AppDataModel.xcdatamodeld */; };
		4978664020E0C9A300181247 /* PresistanceAccess.swift in Sources */ = {isa = PBXBuildFile; fileRef = 4978663F20E0C9A300181247 /* PresistanceAccess.swift */; };
		4978664220E0D11000181247 /* DalLogin.swift in Sources */ = {isa = PBXBuildFile; fileRef = 4978664120E0D11000181247 /* DalLogin.swift */; };
		4978664420E1BC6D00181247 /* DalPosts.swift in Sources */ = {isa = PBXBuildFile; fileRef = 4978664320E1BC6D00181247 /* DalPosts.swift */; };
		4978664620E1BF5D00181247 /* BLPosts.swift in Sources */ = {isa = PBXBuildFile; fileRef = 4978664520E1BF5D00181247 /* BLPosts.swift */; };
		4978664820E1DBC500181247 /* ProfileVC.swift in Sources */ = {isa = PBXBuildFile; fileRef = 4978664720E1DBC500181247 /* ProfileVC.swift */; };
		4978664A20E1E36B00181247 /* PostModel.swift in Sources */ = {isa = PBXBuildFile; fileRef = 4978664920E1E36B00181247 /* PostModel.swift */; };
		4978664C20E2449200181247 /* MessageManager.swift in Sources */ = {isa = PBXBuildFile; fileRef = 4978664B20E2449100181247 /* MessageManager.swift */; };
		B1BE070ED5D1DEBCBD44B0D7 /* Pods_Simple_social_App.framework in Frameworks */ = {isa = PBXBuildFile; fileRef = 232FAB0DA8A9B3769FA622A9 /* Pods_Simple_social_App.framework */; };
/* End PBXBuildFile section */

/* Begin PBXContainerItemProxy section */
		497865DB20E03EEA00181247 /* PBXContainerItemProxy */ = {
			isa = PBXContainerItemProxy;
			containerPortal = 497865BB20E03EE900181247 /* Project object */;
			proxyType = 1;
			remoteGlobalIDString = 497865C220E03EE900181247;
			remoteInfo = "Simple social App";
		};
		497865E620E03EEA00181247 /* PBXContainerItemProxy */ = {
			isa = PBXContainerItemProxy;
			containerPortal = 497865BB20E03EE900181247 /* Project object */;
			proxyType = 1;
			remoteGlobalIDString = 497865C220E03EE900181247;
			remoteInfo = "Simple social App";
		};
/* End PBXContainerItemProxy section */

/* Begin PBXFileReference section */
		1BC08E0461EC6A171B2448F5 /* Pods-Simple social App.release.xcconfig */ = {isa = PBXFileReference; includeInIndex = 1; lastKnownFileType = text.xcconfig; name = "Pods-Simple social App.release.xcconfig"; path = "Pods/Target Support Files/Pods-Simple social App/Pods-Simple social App.release.xcconfig"; sourceTree = "<group>"; };
		232FAB0DA8A9B3769FA622A9 /* Pods_Simple_social_App.framework */ = {isa = PBXFileReference; explicitFileType = wrapper.framework; includeInIndex = 0; path = Pods_Simple_social_App.framework; sourceTree = BUILT_PRODUCTS_DIR; };
		497865C320E03EEA00181247 /* Simple social App.app */ = {isa = PBXFileReference; explicitFileType = wrapper.application; includeInIndex = 0; path = "Simple social App.app"; sourceTree = BUILT_PRODUCTS_DIR; };
		497865DA20E03EEA00181247 /* Simple social AppTests.xctest */ = {isa = PBXFileReference; explicitFileType = wrapper.cfbundle; includeInIndex = 0; path = "Simple social AppTests.xctest"; sourceTree = BUILT_PRODUCTS_DIR; };
		497865DE20E03EEA00181247 /* Simple_social_AppTests.swift */ = {isa = PBXFileReference; lastKnownFileType = sourcecode.swift; path = Simple_social_AppTests.swift; sourceTree = "<group>"; };
		497865E020E03EEA00181247 /* Info.plist */ = {isa = PBXFileReference; lastKnownFileType = text.plist.xml; path = Info.plist; sourceTree = "<group>"; };
		497865E520E03EEA00181247 /* Simple social AppUITests.xctest */ = {isa = PBXFileReference; explicitFileType = wrapper.cfbundle; includeInIndex = 0; path = "Simple social AppUITests.xctest"; sourceTree = BUILT_PRODUCTS_DIR; };
		497865E920E03EEA00181247 /* Simple_social_AppUITests.swift */ = {isa = PBXFileReference; lastKnownFileType = sourcecode.swift; path = Simple_social_AppUITests.swift; sourceTree = "<group>"; };
		497865EB20E03EEA00181247 /* Info.plist */ = {isa = PBXFileReference; lastKnownFileType = text.plist.xml; path = Info.plist; sourceTree = "<group>"; };
		497865F820E0408A00181247 /* Assets.xcassets */ = {isa = PBXFileReference; lastKnownFileType = folder.assetcatalog; path = Assets.xcassets; sourceTree = "<group>"; };
		497865FB20E0409600181247 /* AppDelegate.swift */ = {isa = PBXFileReference; fileEncoding = 4; lastKnownFileType = sourcecode.swift; path = AppDelegate.swift; sourceTree = "<group>"; };
		4978661420E0473F00181247 /* LaunchScreen.storyboard */ = {isa = PBXFileReference; fileEncoding = 4; lastKnownFileType = file.storyboard; name = LaunchScreen.storyboard; path = "Simple social App/Views/Screens/LaunchScreen.storyboard"; sourceTree = SOURCE_ROOT; };
		4978661620E0475800181247 /* Login.storyboard */ = {isa = PBXFileReference; fileEncoding = 4; lastKnownFileType = file.storyboard; path = Login.storyboard; sourceTree = "<group>"; };
		4978661A20E047AD00181247 /* Home.storyboard */ = {isa = PBXFileReference; fileEncoding = 4; lastKnownFileType = file.storyboard; name = Home.storyboard; path = Home/Home.storyboard; sourceTree = "<group>"; };
		4978661E20E051E700181247 /* LoginVC.swift */ = {isa = PBXFileReference; fileEncoding = 4; lastKnownFileType = sourcecode.swift; path = LoginVC.swift; sourceTree = "<group>"; };
		4978662020E05BF200181247 /* RegisterVC.swift */ = {isa = PBXFileReference; fileEncoding = 4; lastKnownFileType = sourcecode.swift; path = RegisterVC.swift; sourceTree = "<group>"; };
		4978662520E0651800181247 /* HomeVC.swift */ = {isa = PBXFileReference; fileEncoding = 4; lastKnownFileType = sourcecode.swift; name = HomeVC.swift; path = Home/HomeVC.swift; sourceTree = "<group>"; };
		4978662820E0658C00181247 /* PostCell.swift */ = {isa = PBXFileReference; fileEncoding = 4; lastKnownFileType = sourcecode.swift; path = PostCell.swift; sourceTree = "<group>"; };
		4978662920E0658C00181247 /* PostCell.xib */ = {isa = PBXFileReference; fileEncoding = 4; lastKnownFileType = file.xib; path = PostCell.xib; sourceTree = "<group>"; };
		4978662E20E06B8300181247 /* AddPostVC.swift */ = {isa = PBXFileReference; fileEncoding = 4; lastKnownFileType = sourcecode.swift; name = AddPostVC.swift; path = Home/AddPostVC.swift; sourceTree = "<group>"; };
		4978663020E06CD100181247 /* UIConstants.swift */ = {isa = PBXFileReference; fileEncoding = 4; lastKnownFileType = sourcecode.swift; path = UIConstants.swift; sourceTree = "<group>"; };
		4978663220E072D100181247 /* Info.plist */ = {isa = PBXFileReference; fileEncoding = 4; lastKnownFileType = text.plist.xml; name = Info.plist; path = "Simple social App/Info.plist"; sourceTree = SOURCE_ROOT; };
		4978663420E08D0500181247 /* BLlogin.swift */ = {isa = PBXFileReference; fileEncoding = 4; lastKnownFileType = sourcecode.swift; path = BLlogin.swift; sourceTree = "<group>"; };
		4978663620E08E0C00181247 /* UserModel.swift */ = {isa = PBXFileReference; fileEncoding = 4; lastKnownFileType = sourcecode.swift; path = UserModel.swift; sourceTree = "<group>"; };
		4978663820E0914500181247 /* ValidationUtil.swift */ = {isa = PBXFileReference; fileEncoding = 4; lastKnownFileType = sourcecode.swift; path = ValidationUtil.swift; sourceTree = "<group>"; };
		4978663A20E094FB00181247 /* Messages.swift */ = {isa = PBXFileReference; fileEncoding = 4; lastKnownFileType = sourcecode.swift; path = Messages.swift; sourceTree = "<group>"; };
		4978663D20E0C45400181247 /* AppDataModel.xcdatamodel */ = {isa = PBXFileReference; lastKnownFileType = wrapper.xcdatamodel; path = AppDataModel.xcdatamodel; sourceTree = "<group>"; };
		4978663F20E0C9A300181247 /* PresistanceAccess.swift */ = {isa = PBXFileReference; fileEncoding = 4; lastKnownFileType = sourcecode.swift; path = PresistanceAccess.swift; sourceTree = "<group>"; };
		4978664120E0D11000181247 /* DalLogin.swift */ = {isa = PBXFileReference; fileEncoding = 4; lastKnownFileType = sourcecode.swift; path = DalLogin.swift; sourceTree = "<group>"; };
		4978664320E1BC6D00181247 /* DalPosts.swift */ = {isa = PBXFileReference; fileEncoding = 4; lastKnownFileType = sourcecode.swift; path = DalPosts.swift; sourceTree = "<group>"; };
		4978664520E1BF5D00181247 /* BLPosts.swift */ = {isa = PBXFileReference; fileEncoding = 4; lastKnownFileType = sourcecode.swift; path = BLPosts.swift; sourceTree = "<group>"; };
		4978664720E1DBC500181247 /* ProfileVC.swift */ = {isa = PBXFileReference; fileEncoding = 4; lastKnownFileType = sourcecode.swift; path = ProfileVC.swift; sourceTree = "<group>"; };
		4978664920E1E36B00181247 /* PostModel.swift */ = {isa = PBXFileReference; fileEncoding = 4; lastKnownFileType = sourcecode.swift; path = PostModel.swift; sourceTree = "<group>"; };
		4978664B20E2449100181247 /* MessageManager.swift */ = {isa = PBXFileReference; fileEncoding = 4; lastKnownFileType = sourcecode.swift; path = MessageManager.swift; sourceTree = "<group>"; };
		E977A5D8DC3538D9529D0381 /* Pods-Simple social App.debug.xcconfig */ = {isa = PBXFileReference; includeInIndex = 1; lastKnownFileType = text.xcconfig; name = "Pods-Simple social App.debug.xcconfig"; path = "Pods/Target Support Files/Pods-Simple social App/Pods-Simple social App.debug.xcconfig"; sourceTree = "<group>"; };
/* End PBXFileReference section */

/* Begin PBXFrameworksBuildPhase section */
		497865C020E03EE900181247 /* Frameworks */ = {
			isa = PBXFrameworksBuildPhase;
			buildActionMask = 2147483647;
			files = (
				B1BE070ED5D1DEBCBD44B0D7 /* Pods_Simple_social_App.framework in Frameworks */,
			);
			runOnlyForDeploymentPostprocessing = 0;
		};
		497865D720E03EEA00181247 /* Frameworks */ = {
			isa = PBXFrameworksBuildPhase;
			buildActionMask = 2147483647;
			files = (
			);
			runOnlyForDeploymentPostprocessing = 0;
		};
		497865E220E03EEA00181247 /* Frameworks */ = {
			isa = PBXFrameworksBuildPhase;
			buildActionMask = 2147483647;
			files = (
			);
			runOnlyForDeploymentPostprocessing = 0;
		};
/* End PBXFrameworksBuildPhase section */

/* Begin PBXGroup section */
		497865BA20E03EE900181247 = {
			isa = PBXGroup;
			children = (
				497865C520E03EEA00181247 /* Simple social App */,
				497865DD20E03EEA00181247 /* Simple social AppTests */,
				497865E820E03EEA00181247 /* Simple social AppUITests */,
				497865C420E03EEA00181247 /* Products */,
				80E373256558C83958227B02 /* Pods */,
				9B639B418E5F3A3EDBE5A69C /* Frameworks */,
			);
			sourceTree = "<group>";
		};
		497865C420E03EEA00181247 /* Products */ = {
			isa = PBXGroup;
			children = (
				497865C320E03EEA00181247 /* Simple social App.app */,
				497865DA20E03EEA00181247 /* Simple social AppTests.xctest */,
				497865E520E03EEA00181247 /* Simple social AppUITests.xctest */,
			);
			name = Products;
			sourceTree = "<group>";
		};
		497865C520E03EEA00181247 /* Simple social App */ = {
			isa = PBXGroup;
			children = (
				4978660420E043E500181247 /* Business logic */,
				4978660A20E044D000181247 /* Dal */,
				4978660F20E044DB00181247 /* Model */,
				4978660020E0434E00181247 /* Resources */,
				497865FA20E0409600181247 /* Support files */,
				4978660620E0445900181247 /* Views */,
				497865F820E0408A00181247 /* Assets.xcassets */,
			);
			path = "Simple social App";
			sourceTree = "<group>";
		};
		497865DD20E03EEA00181247 /* Simple social AppTests */ = {
			isa = PBXGroup;
			children = (
				497865DE20E03EEA00181247 /* Simple_social_AppTests.swift */,
				497865E020E03EEA00181247 /* Info.plist */,
			);
			path = "Simple social AppTests";
			sourceTree = "<group>";
		};
		497865E820E03EEA00181247 /* Simple social AppUITests */ = {
			isa = PBXGroup;
			children = (
				497865E920E03EEA00181247 /* Simple_social_AppUITests.swift */,
				497865EB20E03EEA00181247 /* Info.plist */,
			);
			path = "Simple social AppUITests";
			sourceTree = "<group>";
		};
		497865FA20E0409600181247 /* Support files */ = {
			isa = PBXGroup;
			children = (
				497865FB20E0409600181247 /* AppDelegate.swift */,
				4978663220E072D100181247 /* Info.plist */,
				4978663C20E0C45400181247 /* AppDataModel.xcdatamodeld */,
			);
			path = "Support files";
			sourceTree = "<group>";
		};
		4978660020E0434E00181247 /* Resources */ = {
			isa = PBXGroup;
			children = (
				4978660120E0434E00181247 /* Fonts */,
				4978660220E0434E00181247 /* Libraries */,
			);
			path = Resources;
			sourceTree = "<group>";
		};
		4978660120E0434E00181247 /* Fonts */ = {
			isa = PBXGroup;
			children = (
			);
			path = Fonts;
			sourceTree = "<group>";
		};
		4978660220E0434E00181247 /* Libraries */ = {
			isa = PBXGroup;
			children = (
				4978660320E0434E00181247 /* Bridge */,
			);
			path = Libraries;
			sourceTree = "<group>";
		};
		4978660320E0434E00181247 /* Bridge */ = {
			isa = PBXGroup;
			children = (
			);
			path = Bridge;
			sourceTree = "<group>";
		};
		4978660420E043E500181247 /* Business logic */ = {
			isa = PBXGroup;
			children = (
				4978660520E043E500181247 /* Logic utilites */,
				4978663420E08D0500181247 /* BLlogin.swift */,
				4978664520E1BF5D00181247 /* BLPosts.swift */,
			);
			path = "Business logic";
			sourceTree = "<group>";
		};
		4978660520E043E500181247 /* Logic utilites */ = {
			isa = PBXGroup;
			children = (
				4978663820E0914500181247 /* ValidationUtil.swift */,
			);
			path = "Logic utilites";
			sourceTree = "<group>";
		};
		4978660620E0445900181247 /* Views */ = {
			isa = PBXGroup;
			children = (
				4978660720E0445900181247 /* Custom views */,
				4978660820E0445900181247 /* Screens */,
				4978661420E0473F00181247 /* LaunchScreen.storyboard */,
				4978660920E0445900181247 /* UI utilites */,
			);
			path = Views;
			sourceTree = "<group>";
		};
		4978660720E0445900181247 /* Custom views */ = {
			isa = PBXGroup;
			children = (
				4978664B20E2449100181247 /* MessageManager.swift */,
			);
			path = "Custom views";
			sourceTree = "<group>";
		};
		4978660820E0445900181247 /* Screens */ = {
			isa = PBXGroup;
			children = (
				4978661120E0456D00181247 /* Home */,
				4978661320E046DD00181247 /* Login */,
			);
			path = Screens;
			sourceTree = "<group>";
		};
		4978660920E0445900181247 /* UI utilites */ = {
			isa = PBXGroup;
			children = (
				4978663020E06CD100181247 /* UIConstants.swift */,
				4978663A20E094FB00181247 /* Messages.swift */,
			);
			path = "UI utilites";
			sourceTree = "<group>";
		};
		4978660A20E044D000181247 /* Dal */ = {
			isa = PBXGroup;
			children = (
				4978660B20E044D000181247 /* General Access */,
				4978660E20E044D000181247 /* Spacific Access */,
			);
			path = Dal;
			sourceTree = "<group>";
		};
		4978660B20E044D000181247 /* General Access */ = {
			isa = PBXGroup;
			children = (
				4978660C20E044D000181247 /* Network */,
				4978660D20E044D000181247 /* Presistance */,
			);
			path = "General Access";
			sourceTree = "<group>";
		};
		4978660C20E044D000181247 /* Network */ = {
			isa = PBXGroup;
			children = (
			);
			path = Network;
			sourceTree = "<group>";
		};
		4978660D20E044D000181247 /* Presistance */ = {
			isa = PBXGroup;
			children = (
				4978663F20E0C9A300181247 /* PresistanceAccess.swift */,
			);
			path = Presistance;
			sourceTree = "<group>";
		};
		4978660E20E044D000181247 /* Spacific Access */ = {
			isa = PBXGroup;
			children = (
				4978664120E0D11000181247 /* DalLogin.swift */,
				4978664320E1BC6D00181247 /* DalPosts.swift */,
			);
			path = "Spacific Access";
			sourceTree = "<group>";
		};
		4978660F20E044DB00181247 /* Model */ = {
			isa = PBXGroup;
			children = (
				4978663620E08E0C00181247 /* UserModel.swift */,
				4978664920E1E36B00181247 /* PostModel.swift */,
			);
			path = Model;
			sourceTree = "<group>";
		};
		4978661120E0456D00181247 /* Home */ = {
			isa = PBXGroup;
			children = (
				4978662720E0654A00181247 /* Cells */,
				4978661A20E047AD00181247 /* Home.storyboard */,
				4978662E20E06B8300181247 /* AddPostVC.swift */,
				4978662520E0651800181247 /* HomeVC.swift */,
				4978664720E1DBC500181247 /* ProfileVC.swift */,
			);
			name = Home;
			sourceTree = "<group>";
		};
		4978661320E046DD00181247 /* Login */ = {
			isa = PBXGroup;
			children = (
				4978661620E0475800181247 /* Login.storyboard */,
				4978661E20E051E700181247 /* LoginVC.swift */,
				4978662020E05BF200181247 /* RegisterVC.swift */,
			);
			path = Login;
			sourceTree = "<group>";
		};
		4978662720E0654A00181247 /* Cells */ = {
			isa = PBXGroup;
			children = (
				4978662820E0658C00181247 /* PostCell.swift */,
				4978662920E0658C00181247 /* PostCell.xib */,
			);
			name = Cells;
			path = Home/Cells;
			sourceTree = "<group>";
		};
		80E373256558C83958227B02 /* Pods */ = {
			isa = PBXGroup;
			children = (
				E977A5D8DC3538D9529D0381 /* Pods-Simple social App.debug.xcconfig */,
				1BC08E0461EC6A171B2448F5 /* Pods-Simple social App.release.xcconfig */,
			);
			name = Pods;
			sourceTree = "<group>";
		};
		9B639B418E5F3A3EDBE5A69C /* Frameworks */ = {
			isa = PBXGroup;
			children = (
				232FAB0DA8A9B3769FA622A9 /* Pods_Simple_social_App.framework */,
			);
			name = Frameworks;
			sourceTree = "<group>";
		};
/* End PBXGroup section */

/* Begin PBXNativeTarget section */
		497865C220E03EE900181247 /* Simple social App */ = {
			isa = PBXNativeTarget;
			buildConfigurationList = 497865EE20E03EEB00181247 /* Build configuration list for PBXNativeTarget "Simple social App" */;
			buildPhases = (
				D84B15153C84E38A00DD6E3A /* [CP] Check Pods Manifest.lock */,
				497865BF20E03EE900181247 /* Sources */,
				497865C020E03EE900181247 /* Frameworks */,
				497865C120E03EE900181247 /* Resources */,
				45BBD21A2C3A4DFD07DBFD0B /* [CP] Embed Pods Frameworks */,
				09BAB162AC5E7AD0D07A3EE1 /* [CP] Copy Pods Resources */,
			);
			buildRules = (
			);
			dependencies = (
			);
			name = "Simple social App";
			productName = "Simple social App";
			productReference = 497865C320E03EEA00181247 /* Simple social App.app */;
			productType = "com.apple.product-type.application";
		};
		497865D920E03EEA00181247 /* Simple social AppTests */ = {
			isa = PBXNativeTarget;
			buildConfigurationList = 497865F120E03EEB00181247 /* Build configuration list for PBXNativeTarget "Simple social AppTests" */;
			buildPhases = (
				497865D620E03EEA00181247 /* Sources */,
				497865D720E03EEA00181247 /* Frameworks */,
				497865D820E03EEA00181247 /* Resources */,
			);
			buildRules = (
			);
			dependencies = (
				497865DC20E03EEA00181247 /* PBXTargetDependency */,
			);
			name = "Simple social AppTests";
			productName = "Simple social AppTests";
			productReference = 497865DA20E03EEA00181247 /* Simple social AppTests.xctest */;
			productType = "com.apple.product-type.bundle.unit-test";
		};
		497865E420E03EEA00181247 /* Simple social AppUITests */ = {
			isa = PBXNativeTarget;
			buildConfigurationList = 497865F420E03EEB00181247 /* Build configuration list for PBXNativeTarget "Simple social AppUITests" */;
			buildPhases = (
				497865E120E03EEA00181247 /* Sources */,
				497865E220E03EEA00181247 /* Frameworks */,
				497865E320E03EEA00181247 /* Resources */,
			);
			buildRules = (
			);
			dependencies = (
				497865E720E03EEA00181247 /* PBXTargetDependency */,
			);
			name = "Simple social AppUITests";
			productName = "Simple social AppUITests";
			productReference = 497865E520E03EEA00181247 /* Simple social AppUITests.xctest */;
			productType = "com.apple.product-type.bundle.ui-testing";
		};
/* End PBXNativeTarget section */

/* Begin PBXProject section */
		497865BB20E03EE900181247 /* Project object */ = {
			isa = PBXProject;
			attributes = {
				LastSwiftUpdateCheck = 0830;
				LastUpgradeCheck = 0830;
				ORGANIZATIONNAME = Hadeer;
				TargetAttributes = {
					497865C220E03EE900181247 = {
						CreatedOnToolsVersion = 8.3.3;
						ProvisioningStyle = Automatic;
					};
					497865D920E03EEA00181247 = {
						CreatedOnToolsVersion = 8.3.3;
						ProvisioningStyle = Automatic;
						TestTargetID = 497865C220E03EE900181247;
					};
					497865E420E03EEA00181247 = {
						CreatedOnToolsVersion = 8.3.3;
						ProvisioningStyle = Automatic;
						TestTargetID = 497865C220E03EE900181247;
					};
				};
			};
			buildConfigurationList = 497865BE20E03EE900181247 /* Build configuration list for PBXProject "Simple social App" */;
			compatibilityVersion = "Xcode 3.2";
			developmentRegion = English;
			hasScannedForEncodings = 0;
			knownRegions = (
				en,
				Base,
			);
			mainGroup = 497865BA20E03EE900181247;
			productRefGroup = 497865C420E03EEA00181247 /* Products */;
			projectDirPath = "";
			projectRoot = "";
			targets = (
				497865C220E03EE900181247 /* Simple social App */,
				497865D920E03EEA00181247 /* Simple social AppTests */,
				497865E420E03EEA00181247 /* Simple social AppUITests */,
			);
		};
/* End PBXProject section */

/* Begin PBXResourcesBuildPhase section */
		497865C120E03EE900181247 /* Resources */ = {
			isa = PBXResourcesBuildPhase;
			buildActionMask = 2147483647;
			files = (
				4978661720E0475800181247 /* Login.storyboard in Resources */,
				4978662B20E0658C00181247 /* PostCell.xib in Resources */,
				4978663320E072D100181247 /* Info.plist in Resources */,
				4978661B20E047AD00181247 /* Home.storyboard in Resources */,
				497865F920E0408A00181247 /* Assets.xcassets in Resources */,
				4978661520E0473F00181247 /* LaunchScreen.storyboard in Resources */,
			);
			runOnlyForDeploymentPostprocessing = 0;
		};
		497865D820E03EEA00181247 /* Resources */ = {
			isa = PBXResourcesBuildPhase;
			buildActionMask = 2147483647;
			files = (
			);
			runOnlyForDeploymentPostprocessing = 0;
		};
		497865E320E03EEA00181247 /* Resources */ = {
			isa = PBXResourcesBuildPhase;
			buildActionMask = 2147483647;
			files = (
			);
			runOnlyForDeploymentPostprocessing = 0;
		};
/* End PBXResourcesBuildPhase section */

/* Begin PBXShellScriptBuildPhase section */
		09BAB162AC5E7AD0D07A3EE1 /* [CP] Copy Pods Resources */ = {
			isa = PBXShellScriptBuildPhase;
			buildActionMask = 2147483647;
			files = (
			);
			inputPaths = (
			);
			name = "[CP] Copy Pods Resources";
			outputPaths = (
			);
			runOnlyForDeploymentPostprocessing = 0;
			shellPath = /bin/sh;
			shellScript = "\"${SRCROOT}/Pods/Target Support Files/Pods-Simple social App/Pods-Simple social App-resources.sh\"\n";
			showEnvVarsInLog = 0;
		};
		45BBD21A2C3A4DFD07DBFD0B /* [CP] Embed Pods Frameworks */ = {
			isa = PBXShellScriptBuildPhase;
			buildActionMask = 2147483647;
			files = (
			);
			inputPaths = (
				"${SRCROOT}/Pods/Target Support Files/Pods-Simple social App/Pods-Simple social App-frameworks.sh",
				"${BUILT_PRODUCTS_DIR}/BRYXBanner/BRYXBanner.framework",
			);
			name = "[CP] Embed Pods Frameworks";
			outputPaths = (
				"${TARGET_BUILD_DIR}/${FRAMEWORKS_FOLDER_PATH}/BRYXBanner.framework",
			);
			runOnlyForDeploymentPostprocessing = 0;
			shellPath = /bin/sh;
			shellScript = "\"${SRCROOT}/Pods/Target Support Files/Pods-Simple social App/Pods-Simple social App-frameworks.sh\"\n";
			showEnvVarsInLog = 0;
		};
		D84B15153C84E38A00DD6E3A /* [CP] Check Pods Manifest.lock */ = {
			isa = PBXShellScriptBuildPhase;
			buildActionMask = 2147483647;
			files = (
			);
			inputPaths = (
				"${PODS_PODFILE_DIR_PATH}/Podfile.lock",
				"${PODS_ROOT}/Manifest.lock",
			);
			name = "[CP] Check Pods Manifest.lock";
			outputPaths = (
				"$(DERIVED_FILE_DIR)/Pods-Simple social App-checkManifestLockResult.txt",
			);
			runOnlyForDeploymentPostprocessing = 0;
			shellPath = /bin/sh;
			shellScript = "diff \"${PODS_PODFILE_DIR_PATH}/Podfile.lock\" \"${PODS_ROOT}/Manifest.lock\" > /dev/null\nif [ $? != 0 ] ; then\n    # print error to STDERR\n    echo \"error: The sandbox is not in sync with the Podfile.lock. Run 'pod install' or update your CocoaPods installation.\" >&2\n    exit 1\nfi\n# This output is used by Xcode 'outputs' to avoid re-running this script phase.\necho \"SUCCESS\" > \"${SCRIPT_OUTPUT_FILE_0}\"\n";
			showEnvVarsInLog = 0;
		};
/* End PBXShellScriptBuildPhase section */

/* Begin PBXSourcesBuildPhase section */
		497865BF20E03EE900181247 /* Sources */ = {
			isa = PBXSourcesBuildPhase;
			buildActionMask = 2147483647;
			files = (
				4978662F20E06B8300181247 /* AddPostVC.swift in Sources */,
				497865FD20E0409600181247 /* AppDelegate.swift in Sources */,
				4978663920E0914500181247 /* ValidationUtil.swift in Sources */,
				4978664220E0D11000181247 /* DalLogin.swift in Sources */,
				4978662620E0651800181247 /* HomeVC.swift in Sources */,
				4978664020E0C9A300181247 /* PresistanceAccess.swift in Sources */,
				4978664C20E2449200181247 /* MessageManager.swift in Sources */,
				4978662120E05BF200181247 /* RegisterVC.swift in Sources */,
				4978664A20E1E36B00181247 /* PostModel.swift in Sources */,
				4978661F20E051E700181247 /* LoginVC.swift in Sources */,
				4978663520E08D0500181247 /* BLlogin.swift in Sources */,
				4978664420E1BC6D00181247 /* DalPosts.swift in Sources */,
				4978662A20E0658C00181247 /* PostCell.swift in Sources */,
				4978663720E08E0C00181247 /* UserModel.swift in Sources */,
				4978663B20E094FB00181247 /* Messages.swift in Sources */,
				4978664820E1DBC500181247 /* ProfileVC.swift in Sources */,
				4978663120E06CD100181247 /* UIConstants.swift in Sources */,
				4978663E20E0C45400181247 /* AppDataModel.xcdatamodeld in Sources */,
				4978664620E1BF5D00181247 /* BLPosts.swift in Sources */,
			);
			runOnlyForDeploymentPostprocessing = 0;
		};
		497865D620E03EEA00181247 /* Sources */ = {
			isa = PBXSourcesBuildPhase;
			buildActionMask = 2147483647;
			files = (
				497865DF20E03EEA00181247 /* Simple_social_AppTests.swift in Sources */,
			);
			runOnlyForDeploymentPostprocessing = 0;
		};
		497865E120E03EEA00181247 /* Sources */ = {
			isa = PBXSourcesBuildPhase;
			buildActionMask = 2147483647;
			files = (
				497865EA20E03EEA00181247 /* Simple_social_AppUITests.swift in Sources */,
			);
			runOnlyForDeploymentPostprocessing = 0;
		};
/* End PBXSourcesBuildPhase section */

/* Begin PBXTargetDependency section */
		497865DC20E03EEA00181247 /* PBXTargetDependency */ = {
			isa = PBXTargetDependency;
			target = 497865C220E03EE900181247 /* Simple social App */;
			targetProxy = 497865DB20E03EEA00181247 /* PBXContainerItemProxy */;
		};
		497865E720E03EEA00181247 /* PBXTargetDependency */ = {
			isa = PBXTargetDependency;
			target = 497865C220E03EE900181247 /* Simple social App */;
			targetProxy = 497865E620E03EEA00181247 /* PBXContainerItemProxy */;
		};
/* End PBXTargetDependency section */

/* Begin XCBuildConfiguration section */
		497865EC20E03EEB00181247 /* Debug */ = {
			isa = XCBuildConfiguration;
			buildSettings = {
				ALWAYS_SEARCH_USER_PATHS = NO;
				CLANG_ANALYZER_NONNULL = YES;
				CLANG_ANALYZER_NUMBER_OBJECT_CONVERSION = YES_AGGRESSIVE;
				CLANG_CXX_LANGUAGE_STANDARD = "gnu++0x";
				CLANG_CXX_LIBRARY = "libc++";
				CLANG_ENABLE_MODULES = YES;
				CLANG_ENABLE_OBJC_ARC = YES;
				CLANG_WARN_BOOL_CONVERSION = YES;
				CLANG_WARN_CONSTANT_CONVERSION = YES;
				CLANG_WARN_DIRECT_OBJC_ISA_USAGE = YES_ERROR;
				CLANG_WARN_DOCUMENTATION_COMMENTS = YES;
				CLANG_WARN_EMPTY_BODY = YES;
				CLANG_WARN_ENUM_CONVERSION = YES;
				CLANG_WARN_INFINITE_RECURSION = YES;
				CLANG_WARN_INT_CONVERSION = YES;
				CLANG_WARN_OBJC_ROOT_CLASS = YES_ERROR;
				CLANG_WARN_SUSPICIOUS_MOVE = YES;
				CLANG_WARN_UNREACHABLE_CODE = YES;
				CLANG_WARN__DUPLICATE_METHOD_MATCH = YES;
				"CODE_SIGN_IDENTITY[sdk=iphoneos*]" = "iPhone Developer";
				COPY_PHASE_STRIP = NO;
				DEBUG_INFORMATION_FORMAT = dwarf;
				ENABLE_STRICT_OBJC_MSGSEND = YES;
				ENABLE_TESTABILITY = YES;
				GCC_C_LANGUAGE_STANDARD = gnu99;
				GCC_DYNAMIC_NO_PIC = NO;
				GCC_NO_COMMON_BLOCKS = YES;
				GCC_OPTIMIZATION_LEVEL = 0;
				GCC_PREPROCESSOR_DEFINITIONS = (
					"DEBUG=1",
					"$(inherited)",
				);
				GCC_WARN_64_TO_32_BIT_CONVERSION = YES;
				GCC_WARN_ABOUT_RETURN_TYPE = YES_ERROR;
				GCC_WARN_UNDECLARED_SELECTOR = YES;
				GCC_WARN_UNINITIALIZED_AUTOS = YES_AGGRESSIVE;
				GCC_WARN_UNUSED_FUNCTION = YES;
				GCC_WARN_UNUSED_VARIABLE = YES;
				IPHONEOS_DEPLOYMENT_TARGET = 10.3;
				MTL_ENABLE_DEBUG_INFO = YES;
				ONLY_ACTIVE_ARCH = YES;
				SDKROOT = iphoneos;
				SWIFT_ACTIVE_COMPILATION_CONDITIONS = DEBUG;
				SWIFT_OPTIMIZATION_LEVEL = "-Onone";
				TARGETED_DEVICE_FAMILY = "1,2";
			};
			name = Debug;
		};
		497865ED20E03EEB00181247 /* Release */ = {
			isa = XCBuildConfiguration;
			buildSettings = {
				ALWAYS_SEARCH_USER_PATHS = NO;
				CLANG_ANALYZER_NONNULL = YES;
				CLANG_ANALYZER_NUMBER_OBJECT_CONVERSION = YES_AGGRESSIVE;
				CLANG_CXX_LANGUAGE_STANDARD = "gnu++0x";
				CLANG_CXX_LIBRARY = "libc++";
				CLANG_ENABLE_MODULES = YES;
				CLANG_ENABLE_OBJC_ARC = YES;
				CLANG_WARN_BOOL_CONVERSION = YES;
				CLANG_WARN_CONSTANT_CONVERSION = YES;
				CLANG_WARN_DIRECT_OBJC_ISA_USAGE = YES_ERROR;
				CLANG_WARN_DOCUMENTATION_COMMENTS = YES;
				CLANG_WARN_EMPTY_BODY = YES;
				CLANG_WARN_ENUM_CONVERSION = YES;
				CLANG_WARN_INFINITE_RECURSION = YES;
				CLANG_WARN_INT_CONVERSION = YES;
				CLANG_WARN_OBJC_ROOT_CLASS = YES_ERROR;
				CLANG_WARN_SUSPICIOUS_MOVE = YES;
				CLANG_WARN_UNREACHABLE_CODE = YES;
				CLANG_WARN__DUPLICATE_METHOD_MATCH = YES;
				"CODE_SIGN_IDENTITY[sdk=iphoneos*]" = "iPhone Developer";
				COPY_PHASE_STRIP = NO;
				DEBUG_INFORMATION_FORMAT = "dwarf-with-dsym";
				ENABLE_NS_ASSERTIONS = NO;
				ENABLE_STRICT_OBJC_MSGSEND = YES;
				GCC_C_LANGUAGE_STANDARD = gnu99;
				GCC_NO_COMMON_BLOCKS = YES;
				GCC_WARN_64_TO_32_BIT_CONVERSION = YES;
				GCC_WARN_ABOUT_RETURN_TYPE = YES_ERROR;
				GCC_WARN_UNDECLARED_SELECTOR = YES;
				GCC_WARN_UNINITIALIZED_AUTOS = YES_AGGRESSIVE;
				GCC_WARN_UNUSED_FUNCTION = YES;
				GCC_WARN_UNUSED_VARIABLE = YES;
				IPHONEOS_DEPLOYMENT_TARGET = 10.3;
				MTL_ENABLE_DEBUG_INFO = NO;
				SDKROOT = iphoneos;
				SWIFT_OPTIMIZATION_LEVEL = "-Owholemodule";
				TARGETED_DEVICE_FAMILY = "1,2";
				VALIDATE_PRODUCT = YES;
			};
			name = Release;
		};
		497865EF20E03EEB00181247 /* Debug */ = {
			isa = XCBuildConfiguration;
			baseConfigurationReference = E977A5D8DC3538D9529D0381 /* Pods-Simple social App.debug.xcconfig */;
			buildSettings = {
				ASSETCATALOG_COMPILER_APPICON_NAME = AppIcon;
				INFOPLIST_FILE = "Simple social App/Info.plist";
				LD_RUNPATH_SEARCH_PATHS = "$(inherited) @executable_path/Frameworks";
				PRODUCT_BUNDLE_IDENTIFIER = "Hadeer.Simple-social-App";
				PRODUCT_NAME = "$(TARGET_NAME)";
				SWIFT_VERSION = 3.0;
			};
			name = Debug;
		};
		497865F020E03EEB00181247 /* Release */ = {
			isa = XCBuildConfiguration;
			baseConfigurationReference = 1BC08E0461EC6A171B2448F5 /* Pods-Simple social App.release.xcconfig */;
			buildSettings = {
				ASSETCATALOG_COMPILER_APPICON_NAME = AppIcon;
				INFOPLIST_FILE = "Simple social App/Info.plist";
				LD_RUNPATH_SEARCH_PATHS = "$(inherited) @executable_path/Frameworks";
				PRODUCT_BUNDLE_IDENTIFIER = "Hadeer.Simple-social-App";
				PRODUCT_NAME = "$(TARGET_NAME)";
				SWIFT_VERSION = 3.0;
			};
			name = Release;
		};
		497865F220E03EEB00181247 /* Debug */ = {
			isa = XCBuildConfiguration;
			buildSettings = {
				ALWAYS_EMBED_SWIFT_STANDARD_LIBRARIES = YES;
				BUNDLE_LOADER = "$(TEST_HOST)";
				INFOPLIST_FILE = "Simple social AppTests/Info.plist";
				LD_RUNPATH_SEARCH_PATHS = "$(inherited) @executable_path/Frameworks @loader_path/Frameworks";
				PRODUCT_BUNDLE_IDENTIFIER = "Hadeer.Simple-social-AppTests";
				PRODUCT_NAME = "$(TARGET_NAME)";
				SWIFT_VERSION = 3.0;
				TEST_HOST = "$(BUILT_PRODUCTS_DIR)/Simple social App.app/Simple social App";
			};
			name = Debug;
		};
		497865F320E03EEB00181247 /* Release */ = {
			isa = XCBuildConfiguration;
			buildSettings = {
				ALWAYS_EMBED_SWIFT_STANDARD_LIBRARIES = YES;
				BUNDLE_LOADER = "$(TEST_HOST)";
				INFOPLIST_FILE = "Simple social AppTests/Info.plist";
				LD_RUNPATH_SEARCH_PATHS = "$(inherited) @executable_path/Frameworks @loader_path/Frameworks";
				PRODUCT_BUNDLE_IDENTIFIER = "Hadeer.Simple-social-AppTests";
				PRODUCT_NAME = "$(TARGET_NAME)";
				SWIFT_VERSION = 3.0;
				TEST_HOST = "$(BUILT_PRODUCTS_DIR)/Simple social App.app/Simple social App";
			};
			name = Release;
		};
		497865F520E03EEB00181247 /* Debug */ = {
			isa = XCBuildConfiguration;
			buildSettings = {
				ALWAYS_EMBED_SWIFT_STANDARD_LIBRARIES = YES;
				INFOPLIST_FILE = "Simple social AppUITests/Info.plist";
				LD_RUNPATH_SEARCH_PATHS = "$(inherited) @executable_path/Frameworks @loader_path/Frameworks";
				PRODUCT_BUNDLE_IDENTIFIER = "Hadeer.Simple-social-AppUITests";
				PRODUCT_NAME = "$(TARGET_NAME)";
				SWIFT_VERSION = 3.0;
				TEST_TARGET_NAME = "Simple social App";
			};
			name = Debug;
		};
		497865F620E03EEB00181247 /* Release */ = {
			isa = XCBuildConfiguration;
			buildSettings = {
				ALWAYS_EMBED_SWIFT_STANDARD_LIBRARIES = YES;
				INFOPLIST_FILE = "Simple social AppUITests/Info.plist";
				LD_RUNPATH_SEARCH_PATHS = "$(inherited) @executable_path/Frameworks @loader_path/Frameworks";
				PRODUCT_BUNDLE_IDENTIFIER = "Hadeer.Simple-social-AppUITests";
				PRODUCT_NAME = "$(TARGET_NAME)";
				SWIFT_VERSION = 3.0;
				TEST_TARGET_NAME = "Simple social App";
			};
			name = Release;
		};
/* End XCBuildConfiguration section */

/* Begin XCConfigurationList section */
		497865BE20E03EE900181247 /* Build configuration list for PBXProject "Simple social App" */ = {
			isa = XCConfigurationList;
			buildConfigurations = (
				497865EC20E03EEB00181247 /* Debug */,
				497865ED20E03EEB00181247 /* Release */,
			);
			defaultConfigurationIsVisible = 0;
			defaultConfigurationName = Release;
		};
		497865EE20E03EEB00181247 /* Build configuration list for PBXNativeTarget "Simple social App" */ = {
			isa = XCConfigurationList;
			buildConfigurations = (
				497865EF20E03EEB00181247 /* Debug */,
				497865F020E03EEB00181247 /* Release */,
			);
			defaultConfigurationIsVisible = 0;
			defaultConfigurationName = Release;
		};
		497865F120E03EEB00181247 /* Build configuration list for PBXNativeTarget "Simple social AppTests" */ = {
			isa = XCConfigurationList;
			buildConfigurations = (
				497865F220E03EEB00181247 /* Debug */,
				497865F320E03EEB00181247 /* Release */,
			);
			defaultConfigurationIsVisible = 0;
			defaultConfigurationName = Release;
		};
		497865F420E03EEB00181247 /* Build configuration list for PBXNativeTarget "Simple social AppUITests" */ = {
			isa = XCConfigurationList;
			buildConfigurations = (
				497865F520E03EEB00181247 /* Debug */,
				497865F620E03EEB00181247 /* Release */,
			);
			defaultConfigurationIsVisible = 0;
			defaultConfigurationName = Release;
		};
/* End XCConfigurationList section */

/* Begin XCVersionGroup section */
		4978663C20E0C45400181247 /* AppDataModel.xcdatamodeld */ = {
			isa = XCVersionGroup;
			children = (
				4978663D20E0C45400181247 /* AppDataModel.xcdatamodel */,
			);
			currentVersion = 4978663D20E0C45400181247 /* AppDataModel.xcdatamodel */;
			path = AppDataModel.xcdatamodeld;
			sourceTree = "<group>";
			versionGroupType = wrapper.xcdatamodel;
		};
/* End XCVersionGroup section */
	};
	rootObject = 497865BB20E03EE900181247 /* Project object */;
}
