// !$*UTF8*$!
{
	archiveVersion = 1;
	classes = {
	};
	objectVersion = 46;
	objects = {

/* Begin PBXBuildFile section */
		497865C720E03EEA00181247 /* AppDelegate.swift in Sources */ = {isa = PBXBuildFile; fileRef = 497865C620E03EEA00181247 /* AppDelegate.swift */; };
		497865C920E03EEA00181247 /* ViewController.swift in Sources */ = {isa = PBXBuildFile; fileRef = 497865C820E03EEA00181247 /* ViewController.swift */; };
		497865CC20E03EEA00181247 /* Main.storyboard in Resources */ = {isa = PBXBuildFile; fileRef = 497865CA20E03EEA00181247 /* Main.storyboard */; };
		497865CF20E03EEA00181247 /* Simple_social_App.xcdatamodeld in Sources */ = {isa = PBXBuildFile; fileRef = 497865CD20E03EEA00181247 /* Simple_social_App.xcdatamodeld */; };
		497865D120E03EEA00181247 /* Assets.xcassets in Resources */ = {isa = PBXBuildFile; fileRef = 497865D020E03EEA00181247 /* Assets.xcassets */; };
		497865D420E03EEA00181247 /* LaunchScreen.storyboard in Resources */ = {isa = PBXBuildFile; fileRef = 497865D220E03EEA00181247 /* LaunchScreen.storyboard */; };
		497865DF20E03EEA00181247 /* Simple_social_AppTests.swift in Sources */ = {isa = PBXBuildFile; fileRef = 497865DE20E03EEA00181247 /* Simple_social_AppTests.swift */; };
		497865EA20E03EEA00181247 /* Simple_social_AppUITests.swift in Sources */ = {isa = PBXBuildFile; fileRef = 497865E920E03EEA00181247 /* Simple_social_AppUITests.swift */; };
/* End PBXBuildFile section */

/* Begin PBXContainerItemProxy section */
		497865DB20E03EEA00181247 /* PBXContainerItemProxy */ = {
			isa = PBXContainerItemProxy;
			containerPortal = 497865BB20E03EE900181247 /* Project object */;
			proxyType = 1;
			remoteGlobalIDString = 497865C220E03EE900181247;
			remoteInfo = "Simple social App";
		};
		497865E620E03EEA00181247 /* PBXContainerItemProxy */ = {
			isa = PBXContainerItemProxy;
			containerPortal = 497865BB20E03EE900181247 /* Project object */;
			proxyType = 1;
			remoteGlobalIDString = 497865C220E03EE900181247;
			remoteInfo = "Simple social App";
		};
/* End PBXContainerItemProxy section */

/* Begin PBXFileReference section */
		497865C320E03EEA00181247 /* Simple social App.app */ = {isa = PBXFileReference; explicitFileType = wrapper.application; includeInIndex = 0; path = "Simple social App.app"; sourceTree = BUILT_PRODUCTS_DIR; };
		497865C620E03EEA00181247 /* AppDelegate.swift */ = {isa = PBXFileReference; lastKnownFileType = sourcecode.swift; path = AppDelegate.swift; sourceTree = "<group>"; };
		497865C820E03EEA00181247 /* ViewController.swift */ = {isa = PBXFileReference; lastKnownFileType = sourcecode.swift; path = ViewController.swift; sourceTree = "<group>"; };
		497865CB20E03EEA00181247 /* Base */ = {isa = PBXFileReference; lastKnownFileType = file.storyboard; name = Base; path = Base.lproj/Main.storyboard; sourceTree = "<group>"; };
		497865CE20E03EEA00181247 /* Simple_social_App.xcdatamodel */ = {isa = PBXFileReference; lastKnownFileType = wrapper.xcdatamodel; path = Simple_social_App.xcdatamodel; sourceTree = "<group>"; };
		497865D020E03EEA00181247 /* Assets.xcassets */ = {isa = PBXFileReference; lastKnownFileType = folder.assetcatalog; path = Assets.xcassets; sourceTree = "<group>"; };
		497865D320E03EEA00181247 /* Base */ = {isa = PBXFileReference; lastKnownFileType = file.storyboard; name = Base; path = Base.lproj/LaunchScreen.storyboard; sourceTree = "<group>"; };
		497865D520E03EEA00181247 /* Info.plist */ = {isa = PBXFileReference; lastKnownFileType = text.plist.xml; path = Info.plist; sourceTree = "<group>"; };
		497865DA20E03EEA00181247 /* Simple social AppTests.xctest */ = {isa = PBXFileReference; explicitFileType = wrapper.cfbundle; includeInIndex = 0; path = "Simple social AppTests.xctest"; sourceTree = BUILT_PRODUCTS_DIR; };
		497865DE20E03EEA00181247 /* Simple_social_AppTests.swift */ = {isa = PBXFileReference; lastKnownFileType = sourcecode.swift; path = Simple_social_AppTests.swift; sourceTree = "<group>"; };
		497865E020E03EEA00181247 /* Info.plist */ = {isa = PBXFileReference; lastKnownFileType = text.plist.xml; path = Info.plist; sourceTree = "<group>"; };
		497865E520E03EEA00181247 /* Simple social AppUITests.xctest */ = {isa = PBXFileReference; explicitFileType = wrapper.cfbundle; includeInIndex = 0; path = "Simple social AppUITests.xctest"; sourceTree = BUILT_PRODUCTS_DIR; };
		497865E920E03EEA00181247 /* Simple_social_AppUITests.swift */ = {isa = PBXFileReference; lastKnownFileType = sourcecode.swift; path = Simple_social_AppUITests.swift; sourceTree = "<group>"; };
		497865EB20E03EEA00181247 /* Info.plist */ = {isa = PBXFileReference; lastKnownFileType = text.plist.xml; path = Info.plist; sourceTree = "<group>"; };
/* End PBXFileReference section */

/* Begin PBXFrameworksBuildPhase section */
		497865C020E03EE900181247 /* Frameworks */ = {
			isa = PBXFrameworksBuildPhase;
			buildActionMask = 2147483647;
			files = (
			);
			runOnlyForDeploymentPostprocessing = 0;
		};
		497865D720E03EEA00181247 /* Frameworks */ = {
			isa = PBXFrameworksBuildPhase;
			buildActionMask = 2147483647;
			files = (
			);
			runOnlyForDeploymentPostprocessing = 0;
		};
		497865E220E03EEA00181247 /* Frameworks */ = {
			isa = PBXFrameworksBuildPhase;
			buildActionMask = 2147483647;
			files = (
			);
			runOnlyForDeploymentPostprocessing = 0;
		};
/* End PBXFrameworksBuildPhase section */

/* Begin PBXGroup section */
		497865BA20E03EE900181247 = {
			isa = PBXGroup;
			children = (
				497865C520E03EEA00181247 /* Simple social App */,
				497865DD20E03EEA00181247 /* Simple social AppTests */,
				497865E820E03EEA00181247 /* Simple social AppUITests */,
				497865C420E03EEA00181247 /* Products */,
			);
			sourceTree = "<group>";
		};
		497865C420E03EEA00181247 /* Products */ = {
			isa = PBXGroup;
			children = (
				497865C320E03EEA00181247 /* Simple social App.app */,
				497865DA20E03EEA00181247 /* Simple social AppTests.xctest */,
				497865E520E03EEA00181247 /* Simple social AppUITests.xctest */,
			);
			name = Products;
			sourceTree = "<group>";
		};
		497865C520E03EEA00181247 /* Simple social App */ = {
			isa = PBXGroup;
			children = (
				497865C620E03EEA00181247 /* AppDelegate.swift */,
				497865C820E03EEA00181247 /* ViewController.swift */,
				497865CA20E03EEA00181247 /* Main.storyboard */,
				497865D020E03EEA00181247 /* Assets.xcassets */,
				497865D220E03EEA00181247 /* LaunchScreen.storyboard */,
				497865D520E03EEA00181247 /* Info.plist */,
				497865CD20E03EEA00181247 /* Simple_social_App.xcdatamodeld */,
			);
			path = "Simple social App";
			sourceTree = "<group>";
		};
		497865DD20E03EEA00181247 /* Simple social AppTests */ = {
			isa = PBXGroup;
			children = (
				497865DE20E03EEA00181247 /* Simple_social_AppTests.swift */,
				497865E020E03EEA00181247 /* Info.plist */,
			);
			path = "Simple social AppTests";
			sourceTree = "<group>";
		};
		497865E820E03EEA00181247 /* Simple social AppUITests */ = {
			isa = PBXGroup;
			children = (
				497865E920E03EEA00181247 /* Simple_social_AppUITests.swift */,
				497865EB20E03EEA00181247 /* Info.plist */,
			);
			path = "Simple social AppUITests";
			sourceTree = "<group>";
		};
/* End PBXGroup section */

/* Begin PBXNativeTarget section */
		497865C220E03EE900181247 /* Simple social App */ = {
			isa = PBXNativeTarget;
			buildConfigurationList = 497865EE20E03EEB00181247 /* Build configuration list for PBXNativeTarget "Simple social App" */;
			buildPhases = (
				497865BF20E03EE900181247 /* Sources */,
				497865C020E03EE900181247 /* Frameworks */,
				497865C120E03EE900181247 /* Resources */,
			);
			buildRules = (
			);
			dependencies = (
			);
			name = "Simple social App";
			productName = "Simple social App";
			productReference = 497865C320E03EEA00181247 /* Simple social App.app */;
			productType = "com.apple.product-type.application";
		};
		497865D920E03EEA00181247 /* Simple social AppTests */ = {
			isa = PBXNativeTarget;
			buildConfigurationList = 497865F120E03EEB00181247 /* Build configuration list for PBXNativeTarget "Simple social AppTests" */;
			buildPhases = (
				497865D620E03EEA00181247 /* Sources */,
				497865D720E03EEA00181247 /* Frameworks */,
				497865D820E03EEA00181247 /* Resources */,
			);
			buildRules = (
			);
			dependencies = (
				497865DC20E03EEA00181247 /* PBXTargetDependency */,
			);
			name = "Simple social AppTests";
			productName = "Simple social AppTests";
			productReference = 497865DA20E03EEA00181247 /* Simple social AppTests.xctest */;
			productType = "com.apple.product-type.bundle.unit-test";
		};
		497865E420E03EEA00181247 /* Simple social AppUITests */ = {
			isa = PBXNativeTarget;
			buildConfigurationList = 497865F420E03EEB00181247 /* Build configuration list for PBXNativeTarget "Simple social AppUITests" */;
			buildPhases = (
				497865E120E03EEA00181247 /* Sources */,
				497865E220E03EEA00181247 /* Frameworks */,
				497865E320E03EEA00181247 /* Resources */,
			);
			buildRules = (
			);
			dependencies = (
				497865E720E03EEA00181247 /* PBXTargetDependency */,
			);
			name = "Simple social AppUITests";
			productName = "Simple social AppUITests";
			productReference = 497865E520E03EEA00181247 /* Simple social AppUITests.xctest */;
			productType = "com.apple.product-type.bundle.ui-testing";
		};
/* End PBXNativeTarget section */

/* Begin PBXProject section */
		497865BB20E03EE900181247 /* Project object */ = {
			isa = PBXProject;
			attributes = {
				LastSwiftUpdateCheck = 0830;
				LastUpgradeCheck = 0830;
				ORGANIZATIONNAME = Hadeer;
				TargetAttributes = {
					497865C220E03EE900181247 = {
						CreatedOnToolsVersion = 8.3.3;
						ProvisioningStyle = Automatic;
					};
					497865D920E03EEA00181247 = {
						CreatedOnToolsVersion = 8.3.3;
						ProvisioningStyle = Automatic;
						TestTargetID = 497865C220E03EE900181247;
					};
					497865E420E03EEA00181247 = {
						CreatedOnToolsVersion = 8.3.3;
						ProvisioningStyle = Automatic;
						TestTargetID = 497865C220E03EE900181247;
					};
				};
			};
			buildConfigurationList = 497865BE20E03EE900181247 /* Build configuration list for PBXProject "Simple social App" */;
			compatibilityVersion = "Xcode 3.2";
			developmentRegion = English;
			hasScannedForEncodings = 0;
			knownRegions = (
				en,
				Base,
			);
			mainGroup = 497865BA20E03EE900181247;
			productRefGroup = 497865C420E03EEA00181247 /* Products */;
			projectDirPath = "";
			projectRoot = "";
			targets = (
				497865C220E03EE900181247 /* Simple social App */,
				497865D920E03EEA00181247 /* Simple social AppTests */,
				497865E420E03EEA00181247 /* Simple social AppUITests */,
			);
		};
/* End PBXProject section */

/* Begin PBXResourcesBuildPhase section */
		497865C120E03EE900181247 /* Resources */ = {
			isa = PBXResourcesBuildPhase;
			buildActionMask = 2147483647;
			files = (
				497865D420E03EEA00181247 /* LaunchScreen.storyboard in Resources */,
				497865D120E03EEA00181247 /* Assets.xcassets in Resources */,
				497865CC20E03EEA00181247 /* Main.storyboard in Resources */,
			);
			runOnlyForDeploymentPostprocessing = 0;
		};
		497865D820E03EEA00181247 /* Resources */ = {
			isa = PBXResourcesBuildPhase;
			buildActionMask = 2147483647;
			files = (
			);
			runOnlyForDeploymentPostprocessing = 0;
		};
		497865E320E03EEA00181247 /* Resources */ = {
			isa = PBXResourcesBuildPhase;
			buildActionMask = 2147483647;
			files = (
			);
			runOnlyForDeploymentPostprocessing = 0;
		};
/* End PBXResourcesBuildPhase section */

/* Begin PBXSourcesBuildPhase section */
		497865BF20E03EE900181247 /* Sources */ = {
			isa = PBXSourcesBuildPhase;
			buildActionMask = 2147483647;
			files = (
				497865C920E03EEA00181247 /* ViewController.swift in Sources */,
				497865CF20E03EEA00181247 /* Simple_social_App.xcdatamodeld in Sources */,
				497865C720E03EEA00181247 /* AppDelegate.swift in Sources */,
			);
			runOnlyForDeploymentPostprocessing = 0;
		};
		497865D620E03EEA00181247 /* Sources */ = {
			isa = PBXSourcesBuildPhase;
			buildActionMask = 2147483647;
			files = (
				497865DF20E03EEA00181247 /* Simple_social_AppTests.swift in Sources */,
			);
			runOnlyForDeploymentPostprocessing = 0;
		};
		497865E120E03EEA00181247 /* Sources */ = {
			isa = PBXSourcesBuildPhase;
			buildActionMask = 2147483647;
			files = (
				497865EA20E03EEA00181247 /* Simple_social_AppUITests.swift in Sources */,
			);
			runOnlyForDeploymentPostprocessing = 0;
		};
/* End PBXSourcesBuildPhase section */

/* Begin PBXTargetDependency section */
		497865DC20E03EEA00181247 /* PBXTargetDependency */ = {
			isa = PBXTargetDependency;
			target = 497865C220E03EE900181247 /* Simple social App */;
			targetProxy = 497865DB20E03EEA00181247 /* PBXContainerItemProxy */;
		};
		497865E720E03EEA00181247 /* PBXTargetDependency */ = {
			isa = PBXTargetDependency;
			target = 497865C220E03EE900181247 /* Simple social App */;
			targetProxy = 497865E620E03EEA00181247 /* PBXContainerItemProxy */;
		};
/* End PBXTargetDependency section */

/* Begin PBXVariantGroup section */
		497865CA20E03EEA00181247 /* Main.storyboard */ = {
			isa = PBXVariantGroup;
			children = (
				497865CB20E03EEA00181247 /* Base */,
			);
			name = Main.storyboard;
			sourceTree = "<group>";
		};
		497865D220E03EEA00181247 /* LaunchScreen.storyboard */ = {
			isa = PBXVariantGroup;
			children = (
				497865D320E03EEA00181247 /* Base */,
			);
			name = LaunchScreen.storyboard;
			sourceTree = "<group>";
		};
/* End PBXVariantGroup section */

/* Begin XCBuildConfiguration section */
		497865EC20E03EEB00181247 /* Debug */ = {
			isa = XCBuildConfiguration;
			buildSettings = {
				ALWAYS_SEARCH_USER_PATHS = NO;
				CLANG_ANALYZER_NONNULL = YES;
				CLANG_ANALYZER_NUMBER_OBJECT_CONVERSION = YES_AGGRESSIVE;
				CLANG_CXX_LANGUAGE_STANDARD = "gnu++0x";
				CLANG_CXX_LIBRARY = "libc++";
				CLANG_ENABLE_MODULES = YES;
				CLANG_ENABLE_OBJC_ARC = YES;
				CLANG_WARN_BOOL_CONVERSION = YES;
				CLANG_WARN_CONSTANT_CONVERSION = YES;
				CLANG_WARN_DIRECT_OBJC_ISA_USAGE = YES_ERROR;
				CLANG_WARN_DOCUMENTATION_COMMENTS = YES;
				CLANG_WARN_EMPTY_BODY = YES;
				CLANG_WARN_ENUM_CONVERSION = YES;
				CLANG_WARN_INFINITE_RECURSION = YES;
				CLANG_WARN_INT_CONVERSION = YES;
				CLANG_WARN_OBJC_ROOT_CLASS = YES_ERROR;
				CLANG_WARN_SUSPICIOUS_MOVE = YES;
				CLANG_WARN_UNREACHABLE_CODE = YES;
				CLANG_WARN__DUPLICATE_METHOD_MATCH = YES;
				"CODE_SIGN_IDENTITY[sdk=iphoneos*]" = "iPhone Developer";
				COPY_PHASE_STRIP = NO;
				DEBUG_INFORMATION_FORMAT = dwarf;
				ENABLE_STRICT_OBJC_MSGSEND = YES;
				ENABLE_TESTABILITY = YES;
				GCC_C_LANGUAGE_STANDARD = gnu99;
				GCC_DYNAMIC_NO_PIC = NO;
				GCC_NO_COMMON_BLOCKS = YES;
				GCC_OPTIMIZATION_LEVEL = 0;
				GCC_PREPROCESSOR_DEFINITIONS = (
					"DEBUG=1",
					"$(inherited)",
				);
				GCC_WARN_64_TO_32_BIT_CONVERSION = YES;
				GCC_WARN_ABOUT_RETURN_TYPE = YES_ERROR;
				GCC_WARN_UNDECLARED_SELECTOR = YES;
				GCC_WARN_UNINITIALIZED_AUTOS = YES_AGGRESSIVE;
				GCC_WARN_UNUSED_FUNCTION = YES;
				GCC_WARN_UNUSED_VARIABLE = YES;
				IPHONEOS_DEPLOYMENT_TARGET = 10.3;
				MTL_ENABLE_DEBUG_INFO = YES;
				ONLY_ACTIVE_ARCH = YES;
				SDKROOT = iphoneos;
				SWIFT_ACTIVE_COMPILATION_CONDITIONS = DEBUG;
				SWIFT_OPTIMIZATION_LEVEL = "-Onone";
				TARGETED_DEVICE_FAMILY = "1,2";
			};
			name = Debug;
		};
		497865ED20E03EEB00181247 /* Release */ = {
			isa = XCBuildConfiguration;
			buildSettings = {
				ALWAYS_SEARCH_USER_PATHS = NO;
				CLANG_ANALYZER_NONNULL = YES;
				CLANG_ANALYZER_NUMBER_OBJECT_CONVERSION = YES_AGGRESSIVE;
				CLANG_CXX_LANGUAGE_STANDARD = "gnu++0x";
				CLANG_CXX_LIBRARY = "libc++";
				CLANG_ENABLE_MODULES = YES;
				CLANG_ENABLE_OBJC_ARC = YES;
				CLANG_WARN_BOOL_CONVERSION = YES;
				CLANG_WARN_CONSTANT_CONVERSION = YES;
				CLANG_WARN_DIRECT_OBJC_ISA_USAGE = YES_ERROR;
				CLANG_WARN_DOCUMENTATION_COMMENTS = YES;
				CLANG_WARN_EMPTY_BODY = YES;
				CLANG_WARN_ENUM_CONVERSION = YES;
				CLANG_WARN_INFINITE_RECURSION = YES;
				CLANG_WARN_INT_CONVERSION = YES;
				CLANG_WARN_OBJC_ROOT_CLASS = YES_ERROR;
				CLANG_WARN_SUSPICIOUS_MOVE = YES;
				CLANG_WARN_UNREACHABLE_CODE = YES;
				CLANG_WARN__DUPLICATE_METHOD_MATCH = YES;
				"CODE_SIGN_IDENTITY[sdk=iphoneos*]" = "iPhone Developer";
				COPY_PHASE_STRIP = NO;
				DEBUG_INFORMATION_FORMAT = "dwarf-with-dsym";
				ENABLE_NS_ASSERTIONS = NO;
				ENABLE_STRICT_OBJC_MSGSEND = YES;
				GCC_C_LANGUAGE_STANDARD = gnu99;
				GCC_NO_COMMON_BLOCKS = YES;
				GCC_WARN_64_TO_32_BIT_CONVERSION = YES;
				GCC_WARN_ABOUT_RETURN_TYPE = YES_ERROR;
				GCC_WARN_UNDECLARED_SELECTOR = YES;
				GCC_WARN_UNINITIALIZED_AUTOS = YES_AGGRESSIVE;
				GCC_WARN_UNUSED_FUNCTION = YES;
				GCC_WARN_UNUSED_VARIABLE = YES;
				IPHONEOS_DEPLOYMENT_TARGET = 10.3;
				MTL_ENABLE_DEBUG_INFO = NO;
				SDKROOT = iphoneos;
				SWIFT_OPTIMIZATION_LEVEL = "-Owholemodule";
				TARGETED_DEVICE_FAMILY = "1,2";
				VALIDATE_PRODUCT = YES;
			};
			name = Release;
		};
		497865EF20E03EEB00181247 /* Debug */ = {
			isa = XCBuildConfiguration;
			buildSettings = {
				ASSETCATALOG_COMPILER_APPICON_NAME = AppIcon;
				INFOPLIST_FILE = "Simple social App/Info.plist";
				LD_RUNPATH_SEARCH_PATHS = "$(inherited) @executable_path/Frameworks";
				PRODUCT_BUNDLE_IDENTIFIER = "Hadeer.Simple-social-App";
				PRODUCT_NAME = "$(TARGET_NAME)";
				SWIFT_VERSION = 3.0;
			};
			name = Debug;
		};
		497865F020E03EEB00181247 /* Release */ = {
			isa = XCBuildConfiguration;
			buildSettings = {
				ASSETCATALOG_COMPILER_APPICON_NAME = AppIcon;
				INFOPLIST_FILE = "Simple social App/Info.plist";
				LD_RUNPATH_SEARCH_PATHS = "$(inherited) @executable_path/Frameworks";
				PRODUCT_BUNDLE_IDENTIFIER = "Hadeer.Simple-social-App";
				PRODUCT_NAME = "$(TARGET_NAME)";
				SWIFT_VERSION = 3.0;
			};
			name = Release;
		};
		497865F220E03EEB00181247 /* Debug */ = {
			isa = XCBuildConfiguration;
			buildSettings = {
				ALWAYS_EMBED_SWIFT_STANDARD_LIBRARIES = YES;
				BUNDLE_LOADER = "$(TEST_HOST)";
				INFOPLIST_FILE = "Simple social AppTests/Info.plist";
				LD_RUNPATH_SEARCH_PATHS = "$(inherited) @executable_path/Frameworks @loader_path/Frameworks";
				PRODUCT_BUNDLE_IDENTIFIER = "Hadeer.Simple-social-AppTests";
				PRODUCT_NAME = "$(TARGET_NAME)";
				SWIFT_VERSION = 3.0;
				TEST_HOST = "$(BUILT_PRODUCTS_DIR)/Simple social App.app/Simple social App";
			};
			name = Debug;
		};
		497865F320E03EEB00181247 /* Release */ = {
			isa = XCBuildConfiguration;
			buildSettings = {
				ALWAYS_EMBED_SWIFT_STANDARD_LIBRARIES = YES;
				BUNDLE_LOADER = "$(TEST_HOST)";
				INFOPLIST_FILE = "Simple social AppTests/Info.plist";
				LD_RUNPATH_SEARCH_PATHS = "$(inherited) @executable_path/Frameworks @loader_path/Frameworks";
				PRODUCT_BUNDLE_IDENTIFIER = "Hadeer.Simple-social-AppTests";
				PRODUCT_NAME = "$(TARGET_NAME)";
				SWIFT_VERSION = 3.0;
				TEST_HOST = "$(BUILT_PRODUCTS_DIR)/Simple social App.app/Simple social App";
			};
			name = Release;
		};
		497865F520E03EEB00181247 /* Debug */ = {
			isa = XCBuildConfiguration;
			buildSettings = {
				ALWAYS_EMBED_SWIFT_STANDARD_LIBRARIES = YES;
				INFOPLIST_FILE = "Simple social AppUITests/Info.plist";
				LD_RUNPATH_SEARCH_PATHS = "$(inherited) @executable_path/Frameworks @loader_path/Frameworks";
				PRODUCT_BUNDLE_IDENTIFIER = "Hadeer.Simple-social-AppUITests";
				PRODUCT_NAME = "$(TARGET_NAME)";
				SWIFT_VERSION = 3.0;
				TEST_TARGET_NAME = "Simple social App";
			};
			name = Debug;
		};
		497865F620E03EEB00181247 /* Release */ = {
			isa = XCBuildConfiguration;
			buildSettings = {
				ALWAYS_EMBED_SWIFT_STANDARD_LIBRARIES = YES;
				INFOPLIST_FILE = "Simple social AppUITests/Info.plist";
				LD_RUNPATH_SEARCH_PATHS = "$(inherited) @executable_path/Frameworks @loader_path/Frameworks";
				PRODUCT_BUNDLE_IDENTIFIER = "Hadeer.Simple-social-AppUITests";
				PRODUCT_NAME = "$(TARGET_NAME)";
				SWIFT_VERSION = 3.0;
				TEST_TARGET_NAME = "Simple social App";
			};
			name = Release;
		};
/* End XCBuildConfiguration section */

/* Begin XCConfigurationList section */
		497865BE20E03EE900181247 /* Build configuration list for PBXProject "Simple social App" */ = {
			isa = XCConfigurationList;
			buildConfigurations = (
				497865EC20E03EEB00181247 /* Debug */,
				497865ED20E03EEB00181247 /* Release */,
			);
			defaultConfigurationIsVisible = 0;
			defaultConfigurationName = Release;
		};
		497865EE20E03EEB00181247 /* Build configuration list for PBXNativeTarget "Simple social App" */ = {
			isa = XCConfigurationList;
			buildConfigurations = (
				497865EF20E03EEB00181247 /* Debug */,
				497865F020E03EEB00181247 /* Release */,
			);
			defaultConfigurationIsVisible = 0;
		};
		497865F120E03EEB00181247 /* Build configuration list for PBXNativeTarget "Simple social AppTests" */ = {
			isa = XCConfigurationList;
			buildConfigurations = (
				497865F220E03EEB00181247 /* Debug */,
				497865F320E03EEB00181247 /* Release */,
			);
			defaultConfigurationIsVisible = 0;
		};
		497865F420E03EEB00181247 /* Build configuration list for PBXNativeTarget "Simple social AppUITests" */ = {
			isa = XCConfigurationList;
			buildConfigurations = (
				497865F520E03EEB00181247 /* Debug */,
				497865F620E03EEB00181247 /* Release */,
			);
			defaultConfigurationIsVisible = 0;
		};
/* End XCConfigurationList section */

/* Begin XCVersionGroup section */
		497865CD20E03EEA00181247 /* Simple_social_App.xcdatamodeld */ = {
			isa = XCVersionGroup;
			children = (
				497865CE20E03EEA00181247 /* Simple_social_App.xcdatamodel */,
			);
			currentVersion = 497865CE20E03EEA00181247 /* Simple_social_App.xcdatamodel */;
			path = Simple_social_App.xcdatamodeld;
			sourceTree = "<group>";
			versionGroupType = wrapper.xcdatamodel;
		};
/* End XCVersionGroup section */
	};
	rootObject = 497865BB20E03EE900181247 /* Project object */;
}
